
Microsoft Visual Studio Solution File, Format Version 12.00
# Visual Studio Version 17
VisualStudioVersion = 17.2.32526.322
MinimumVisualStudioVersion = 10.0.40219.1
Project("{9A19103F-16F7-4668-BE54-9A1E7A4F7556}") = "HospitalService", "HospitalService\HospitalService.csproj", "{33C25329-8CBB-4420-9105-A8A2A5BCF9E8}"
EndProject
Project("{9A19103F-16F7-4668-BE54-9A1E7A4F7556}") = "HospitalService.Tests", "HospitalService.Tests\HospitalService.Tests.csproj", "{29641CF4-9621-420A-8449-D52430F63A56}"
EndProject
Project("{9A19103F-16F7-4668-BE54-9A1E7A4F7556}") = "HospitalService.MessageConsumer", "HospitalService.MessageConsumer\HospitalService.MessageConsumer.csproj", "{B4509711-BDF6-4EE5-B050-B19A0AC08476}"
EndProject
Global
	GlobalSection(SolutionConfigurationPlatforms) = preSolution
		Debug|Any CPU = Debug|Any CPU
		Release|Any CPU = Release|Any CPU
	EndGlobalSection
	GlobalSection(ProjectConfigurationPlatforms) = postSolution
		{33C25329-8CBB-4420-9105-A8A2A5BCF9E8}.Debug|Any CPU.ActiveCfg = Debug|Any CPU
		{33C25329-8CBB-4420-9105-A8A2A5BCF9E8}.Debug|Any CPU.Build.0 = Debug|Any CPU
		{33C25329-8CBB-4420-9105-A8A2A5BCF9E8}.Release|Any CPU.ActiveCfg = Release|Any CPU
		{33C25329-8CBB-4420-9105-A8A2A5BCF9E8}.Release|Any CPU.Build.0 = Release|Any CPU
		{29641CF4-9621-420A-8449-D52430F63A56}.Debug|Any CPU.ActiveCfg = Debug|Any CPU
		{29641CF4-9621-420A-8449-D52430F63A56}.Debug|Any CPU.Build.0 = Debug|Any CPU
		{29641CF4-9621-420A-8449-D52430F63A56}.Release|Any CPU.ActiveCfg = Release|Any CPU
		{29641CF4-9621-420A-8449-D52430F63A56}.Release|Any CPU.Build.0 = Release|Any CPU
		{B4509711-BDF6-4EE5-B050-B19A0AC08476}.Debug|Any CPU.ActiveCfg = Debug|Any CPU
		{B4509711-BDF6-4EE5-B050-B19A0AC08476}.Debug|Any CPU.Build.0 = Debug|Any CPU
		{B4509711-BDF6-4EE5-B050-B19A0AC08476}.Release|Any CPU.ActiveCfg = Release|Any CPU
		{B4509711-BDF6-4EE5-B050-B19A0AC08476}.Release|Any CPU.Build.0 = Release|Any CPU
	EndGlobalSection
	GlobalSection(SolutionProperties) = preSolution
		HideSolutionNode = FALSE
	EndGlobalSection
	GlobalSection(ExtensibilityGlobals) = postSolution
		SolutionGuid = {3B90D0A2-DC04-4E48-919D-440886A0C1FE}
	EndGlobalSection
EndGlobal
